
Microsoft Visual Studio Solution File, Format Version 12.00
# Visual Studio Version 17
VisualStudioVersion = 17.11.35219.272
MinimumVisualStudioVersion = 10.0.40219.1
Project("{FAE04EC0-301F-11D3-BF4B-00C04F79EFBC}") = "Program1", "Program1\Program1.csproj", "{EA43F7E7-C166-4279-BCC5-79AC040CDAA5}"
EndProject
Global
	GlobalSection(SolutionConfigurationPlatforms) = preSolution
		Debug|Any CPU = Debug|Any CPU
		Release|Any CPU = Release|Any CPU
	EndGlobalSection
	GlobalSection(ProjectConfigurationPlatforms) = postSolution
		{EA43F7E7-C166-4279-BCC5-79AC040CDAA5}.Debug|Any CPU.ActiveCfg = Debug|Any CPU
		{EA43F7E7-C166-4279-BCC5-79AC040CDAA5}.Debug|Any CPU.Build.0 = Debug|Any CPU
		{EA43F7E7-C166-4279-BCC5-79AC040CDAA5}.Release|Any CPU.ActiveCfg = Release|Any CPU
		{EA43F7E7-C166-4279-BCC5-79AC040CDAA5}.Release|Any CPU.Build.0 = Release|Any CPU
	EndGlobalSection
	GlobalSection(SolutionProperties) = preSolution
		HideSolutionNode = FALSE
	EndGlobalSection
	GlobalSection(ExtensibilityGlobals) = postSolution
		SolutionGuid = {E6D4500C-F7F9-4DE7-B41E-72721E18347D}
	EndGlobalSection
EndGlobal
